PODS:
  - ReactiveCocoa (2.5):
    - ReactiveCocoa/UI (= 2.5)
  - ReactiveCocoa/Core (2.5):
    - ReactiveCocoa/no-arc
  - ReactiveCocoa/no-arc (2.5)
  - ReactiveCocoa/UI (2.5):
    - ReactiveCocoa/Core
  - SDAutoLayout (2.1.7)
  - YYModel (1.0.4)

DEPENDENCIES:
  - ReactiveCocoa (~> 2.0)
  - SDAutoLayout
  - YYModel

SPEC CHECKSUMS:
  ReactiveCocoa: e2db045570aa97c695e7aa97c2bcab222ae51f4a
  SDAutoLayout: e9b36d04b8c0b504762a04d76fbbe5108944297a
  YYModel: 2a7fdd96aaa4b86a824e26d0c517de8928c04b30

PODFILE CHECKSUM: dcdc82becdf2f53985d5f86ba872a12cc7efe03f

COCOAPODS: 1.2.0
